
Microsoft Visual Studio Solution File, Format Version 12.00
# Visual Studio Version 16
VisualStudioVersion = 16.0.29613.14
MinimumVisualStudioVersion = 10.0.40219.1
Project("{2150E333-8FDC-42A3-9474-1A3956D46DE8}") = "src", "src", "{653BFF41-AFFD-45CF-847D-6F1096E45385}"
EndProject
Project("{2150E333-8FDC-42A3-9474-1A3956D46DE8}") = "services", "services", "{E630987D-9671-4548-9A21-3E1CBB7A4E53}"
EndProject
Project("{2150E333-8FDC-42A3-9474-1A3956D46DE8}") = "web", "web", "{31E367AC-42E3-4445-9677-2B7082F4B0E8}"
EndProject
Project("{9A19103F-16F7-4668-BE54-9A1E7A4F7556}") = "EventCatalogApi", "EventCatalogApi\EventCatalogApi.csproj", "{7C23B375-D6CE-4CC2-A887-4DE368FAE368}"
EndProject
Project("{E53339B2-1760-4266-BCC7-CA923CBCF16C}") = "docker-compose", "docker-compose.dcproj", "{4B326A7D-4603-4179-8943-BB5C041322B6}"
EndProject
Project("{9A19103F-16F7-4668-BE54-9A1E7A4F7556}") = "WebMVC", "WebMVC\WebMVC.csproj", "{911F240F-BE98-4BFA-99F1-3595B6D381E9}"
EndProject
Project("{9A19103F-16F7-4668-BE54-9A1E7A4F7556}") = "TokenServiceApi", "TokenServiceApi\TokenServiceApi.csproj", "{3F446B8D-410F-46A4-A2FC-BA718A221DA3}"
EndProject
Project("{9A19103F-16F7-4668-BE54-9A1E7A4F7556}") = "CartApi", "CartApi\CartApi.csproj", "{E1E48B21-4968-4D59-A376-B8DC569D9FAB}"
EndProject
Project("{9A19103F-16F7-4668-BE54-9A1E7A4F7556}") = "OrderApi", "OrderApi\OrderApi.csproj", "{B8827E9B-F3E2-4D6E-A94F-73CCDAEC1952}"
EndProject
Global
	GlobalSection(SolutionConfigurationPlatforms) = preSolution
		Debug|Any CPU = Debug|Any CPU
		Release|Any CPU = Release|Any CPU
	EndGlobalSection
	GlobalSection(ProjectConfigurationPlatforms) = postSolution
		{7C23B375-D6CE-4CC2-A887-4DE368FAE368}.Debug|Any CPU.ActiveCfg = Debug|Any CPU
		{7C23B375-D6CE-4CC2-A887-4DE368FAE368}.Debug|Any CPU.Build.0 = Debug|Any CPU
		{7C23B375-D6CE-4CC2-A887-4DE368FAE368}.Release|Any CPU.ActiveCfg = Release|Any CPU
		{7C23B375-D6CE-4CC2-A887-4DE368FAE368}.Release|Any CPU.Build.0 = Release|Any CPU
		{4B326A7D-4603-4179-8943-BB5C041322B6}.Debug|Any CPU.ActiveCfg = Debug|Any CPU
		{4B326A7D-4603-4179-8943-BB5C041322B6}.Debug|Any CPU.Build.0 = Debug|Any CPU
		{4B326A7D-4603-4179-8943-BB5C041322B6}.Release|Any CPU.ActiveCfg = Release|Any CPU
		{4B326A7D-4603-4179-8943-BB5C041322B6}.Release|Any CPU.Build.0 = Release|Any CPU
		{911F240F-BE98-4BFA-99F1-3595B6D381E9}.Debug|Any CPU.ActiveCfg = Debug|Any CPU
		{911F240F-BE98-4BFA-99F1-3595B6D381E9}.Debug|Any CPU.Build.0 = Debug|Any CPU
		{911F240F-BE98-4BFA-99F1-3595B6D381E9}.Release|Any CPU.ActiveCfg = Release|Any CPU
		{911F240F-BE98-4BFA-99F1-3595B6D381E9}.Release|Any CPU.Build.0 = Release|Any CPU
		{3F446B8D-410F-46A4-A2FC-BA718A221DA3}.Debug|Any CPU.ActiveCfg = Debug|Any CPU
		{3F446B8D-410F-46A4-A2FC-BA718A221DA3}.Debug|Any CPU.Build.0 = Debug|Any CPU
		{3F446B8D-410F-46A4-A2FC-BA718A221DA3}.Release|Any CPU.ActiveCfg = Release|Any CPU
		{3F446B8D-410F-46A4-A2FC-BA718A221DA3}.Release|Any CPU.Build.0 = Release|Any CPU
		{E1E48B21-4968-4D59-A376-B8DC569D9FAB}.Debug|Any CPU.ActiveCfg = Debug|Any CPU
		{E1E48B21-4968-4D59-A376-B8DC569D9FAB}.Debug|Any CPU.Build.0 = Debug|Any CPU
		{E1E48B21-4968-4D59-A376-B8DC569D9FAB}.Release|Any CPU.ActiveCfg = Release|Any CPU
		{E1E48B21-4968-4D59-A376-B8DC569D9FAB}.Release|Any CPU.Build.0 = Release|Any CPU
		{B8827E9B-F3E2-4D6E-A94F-73CCDAEC1952}.Debug|Any CPU.ActiveCfg = Debug|Any CPU
		{B8827E9B-F3E2-4D6E-A94F-73CCDAEC1952}.Debug|Any CPU.Build.0 = Debug|Any CPU
		{B8827E9B-F3E2-4D6E-A94F-73CCDAEC1952}.Release|Any CPU.ActiveCfg = Release|Any CPU
		{B8827E9B-F3E2-4D6E-A94F-73CCDAEC1952}.Release|Any CPU.Build.0 = Release|Any CPU
	EndGlobalSection
	GlobalSection(SolutionProperties) = preSolution
		HideSolutionNode = FALSE
	EndGlobalSection
	GlobalSection(NestedProjects) = preSolution
		{E630987D-9671-4548-9A21-3E1CBB7A4E53} = {653BFF41-AFFD-45CF-847D-6F1096E45385}
		{31E367AC-42E3-4445-9677-2B7082F4B0E8} = {653BFF41-AFFD-45CF-847D-6F1096E45385}
		{7C23B375-D6CE-4CC2-A887-4DE368FAE368} = {E630987D-9671-4548-9A21-3E1CBB7A4E53}
		{911F240F-BE98-4BFA-99F1-3595B6D381E9} = {31E367AC-42E3-4445-9677-2B7082F4B0E8}
		{3F446B8D-410F-46A4-A2FC-BA718A221DA3} = {E630987D-9671-4548-9A21-3E1CBB7A4E53}
		{E1E48B21-4968-4D59-A376-B8DC569D9FAB} = {E630987D-9671-4548-9A21-3E1CBB7A4E53}
		{B8827E9B-F3E2-4D6E-A94F-73CCDAEC1952} = {E630987D-9671-4548-9A21-3E1CBB7A4E53}
	EndGlobalSection
	GlobalSection(ExtensibilityGlobals) = postSolution
		SolutionGuid = {C6EDA525-67B3-47F5-A0CA-2F15535FDF17}
	EndGlobalSection
EndGlobal
